<?xml version="1.0" encoding="utf-8"?>
<Project ToolsVersion="4.0" xmlns="http://schemas.microsoft.com/developer/msbuild/2003">
  <ItemGroup>
    <Filter Include="ソース ファイル">
      <UniqueIdentifier>{4FC737F1-C7A5-4376-A066-2A32D752A2FF}</UniqueIdentifier>
      <Extensions>cpp;c;cc;cxx;c++;cppm;ixx;def;odl;idl;hpj;bat;asm;asmx</Extensions>
    </Filter>
    <Filter Include="ヘッダー ファイル">
      <UniqueIdentifier>{93995380-89BD-4b04-88EB-625FBE52EBFB}</UniqueIdentifier>
      <Extensions>h;hh;hpp;hxx;h++;hm;inl;inc;ipp;xsd</Extensions>
    </Filter>
    <Filter Include="リソース ファイル">
      <UniqueIdentifier>{67DA6AB6-F800-4c08-8B7A-83BB121AAD01}</UniqueIdentifier>
      <Extensions>rc;ico;cur;bmp;dlg;rc2;rct;bin;rgs;gif;jpg;jpeg;jpe;resx;tiff;tif;png;wav;mfcribbon-ms</Extensions>
    </Filter>
    <Filter Include="ソース ファイル\GameMain">
      <UniqueIdentifier>{d21f5eb6-2074-421c-be12-0da48d256aff}</UniqueIdentifier>
    </Filter>
    <Filter Include="ヘッダー ファイル\GameMain">
      <UniqueIdentifier>{147884f1-645c-48ef-899e-639821f85b23}</UniqueIdentifier>
    </Filter>
    <Filter Include="ヘッダー ファイル\Screen">
      <UniqueIdentifier>{e0d76804-59e0-40f3-81bf-b8aecd876a4b}</UniqueIdentifier>
    </Filter>
    <Filter Include="ソース ファイル\Screen">
      <UniqueIdentifier>{6532f721-a163-4af0-bcdb-0280a83397e1}</UniqueIdentifier>
    </Filter>
  </ItemGroup>
  <ItemGroup>
    <ClCompile Include="scr\GameMain\GameMain.cpp">
      <Filter>ソース ファイル\GameMain</Filter>
    </ClCompile>
    <ClCompile Include="scr\GameMain\WindowSetting.cpp">
      <Filter>ソース ファイル\GameMain</Filter>
    </ClCompile>
    <ClCompile Include="scr\Screen\ScreenManager.cpp">
      <Filter>ソース ファイル\Screen</Filter>
    </ClCompile>
    <ClCompile Include="scr\GameMain\CameraManager.cpp">
      <Filter>ソース ファイル\GameMain</Filter>
    </ClCompile>
    <ClCompile Include="scr\Screen\TitleScreen.cpp">
      <Filter>ソース ファイル\Screen</Filter>
    </ClCompile>
  </ItemGroup>
  <ItemGroup>
    <ClInclude Include="scr\GameMain\GameMain.h">
      <Filter>ヘッダー ファイル\GameMain</Filter>
    </ClInclude>
    <ClInclude Include="scr\GameMain\WindowSetting.h">
      <Filter>ヘッダー ファイル\GameMain</Filter>
    </ClInclude>
    <ClInclude Include="scr\Screen\ScreenManager.h">
      <Filter>ヘッダー ファイル\Screen</Filter>
    </ClInclude>
    <ClInclude Include="scr\Screen\ScreenBase.h">
      <Filter>ヘッダー ファイル\Screen</Filter>
    </ClInclude>
    <ClInclude Include="scr\GameMain\CameraManager.h">
      <Filter>ヘッダー ファイル\GameMain</Filter>
    </ClInclude>
    <ClInclude Include="scr\Screen\TitleScreen.h">
      <Filter>ヘッダー ファイル\Screen</Filter>
    </ClInclude>
  </ItemGroup>
</Project>