<?xml version="1.0" encoding="utf-8"?>
<Project ToolsVersion="4.0" xmlns="http://schemas.microsoft.com/developer/msbuild/2003">
  <ItemGroup>
    <Filter Include="ソース ファイル">
      <UniqueIdentifier>{4FC737F1-C7A5-4376-A066-2A32D752A2FF}</UniqueIdentifier>
      <Extensions>cpp;c;cc;cxx;c++;cppm;ixx;def;odl;idl;hpj;bat;asm;asmx</Extensions>
    </Filter>
    <Filter Include="ヘッダー ファイル">
      <UniqueIdentifier>{93995380-89BD-4b04-88EB-625FBE52EBFB}</UniqueIdentifier>
      <Extensions>h;hh;hpp;hxx;h++;hm;inl;inc;ipp;xsd</Extensions>
    </Filter>
    <Filter Include="リソース ファイル">
      <UniqueIdentifier>{67DA6AB6-F800-4c08-8B7A-83BB121AAD01}</UniqueIdentifier>
      <Extensions>rc;ico;cur;bmp;dlg;rc2;rct;bin;rgs;gif;jpg;jpeg;jpe;resx;tiff;tif;png;wav;mfcribbon-ms</Extensions>
    </Filter>
    <Filter Include="ソース ファイル\GameMain">
      <UniqueIdentifier>{d21f5eb6-2074-421c-be12-0da48d256aff}</UniqueIdentifier>
    </Filter>
    <Filter Include="ソース ファイル\Screen">
      <UniqueIdentifier>{6532f721-a163-4af0-bcdb-0280a83397e1}</UniqueIdentifier>
    </Filter>
    <Filter Include="ソース ファイル\Screen\Title">
      <UniqueIdentifier>{f68eb3c3-44b0-4185-80cd-e468c7b92b15}</UniqueIdentifier>
    </Filter>
    <Filter Include="ソース ファイル\Screen\Ingame">
      <UniqueIdentifier>{48dc3898-e419-4f69-8599-aba21e84ff32}</UniqueIdentifier>
    </Filter>
    <Filter Include="ソース ファイル\Screen\Result">
      <UniqueIdentifier>{0406516f-437a-4e44-a639-dbde1f48af99}</UniqueIdentifier>
    </Filter>
    <Filter Include="ソース ファイル\Character">
      <UniqueIdentifier>{1860fda7-6116-41b5-a652-5a499c3f1f1c}</UniqueIdentifier>
    </Filter>
    <Filter Include="ソース ファイル\Character\Player">
      <UniqueIdentifier>{25b25b24-6441-47df-9df0-c8b0a0766291}</UniqueIdentifier>
    </Filter>
    <Filter Include="ソース ファイル\Character\Enemy">
      <UniqueIdentifier>{46a1cecc-6707-4932-a484-e18913ee0b08}</UniqueIdentifier>
    </Filter>
    <Filter Include="ソース ファイル\Character\Factory">
      <UniqueIdentifier>{e19d9655-bb80-4a3a-a01b-e367ea3e4492}</UniqueIdentifier>
    </Filter>
    <Filter Include="ソース ファイル\UI">
      <UniqueIdentifier>{8d757894-259f-4140-bd60-fd30a95a8de7}</UniqueIdentifier>
    </Filter>
    <Filter Include="ソース ファイル\Render">
      <UniqueIdentifier>{0fe7d928-c5fd-4300-9b48-7a2d083e833c}</UniqueIdentifier>
    </Filter>
    <Filter Include="ソース ファイル\CSVLoader">
      <UniqueIdentifier>{4cae872e-d1bb-4839-aa91-c0e443f99b1a}</UniqueIdentifier>
    </Filter>
    <Filter Include="ソース ファイル\CSVLoader\Textures">
      <UniqueIdentifier>{490a5b13-ed36-4c24-9619-a54d7216e852}</UniqueIdentifier>
    </Filter>
    <Filter Include="ソース ファイル\Render\Animetion">
      <UniqueIdentifier>{1c36afe1-5f41-4355-b395-f4fcf6c3ca9c}</UniqueIdentifier>
    </Filter>
    <Filter Include="ソース ファイル\Screen\Ingame\Battle">
      <UniqueIdentifier>{18a503b7-bbe6-4812-a80d-2d01fd79acd6}</UniqueIdentifier>
    </Filter>
  </ItemGroup>
  <ItemGroup>
    <ClCompile Include="scr\GameMain\GameMain.cpp">
      <Filter>ソース ファイル\GameMain</Filter>
    </ClCompile>
    <ClCompile Include="scr\GameMain\WindowSetting.cpp">
      <Filter>ソース ファイル\GameMain</Filter>
    </ClCompile>
    <ClCompile Include="scr\Screen\ScreenManager.cpp">
      <Filter>ソース ファイル\Screen</Filter>
    </ClCompile>
    <ClCompile Include="scr\Screen\TitleScene\TitleScreen.cpp">
      <Filter>ソース ファイル\Screen\Title</Filter>
    </ClCompile>
    <ClCompile Include="scr\Character\Player\Player.cpp">
      <Filter>ソース ファイル\Character\Player</Filter>
    </ClCompile>
    <ClCompile Include="scr\Character\Character.cpp">
      <Filter>ソース ファイル\Character</Filter>
    </ClCompile>
    <ClCompile Include="scr\Character\Enemy\Enemy.cpp">
      <Filter>ソース ファイル\Character\Enemy</Filter>
    </ClCompile>
    <ClCompile Include="View\Render\RenderSystem.cpp">
      <Filter>ソース ファイル\Render</Filter>
    </ClCompile>
    <ClCompile Include="scr\CameraManager\CameraManager.cpp">
      <Filter>ソース ファイル\Render</Filter>
    </ClCompile>
    <ClCompile Include="scr\Screen\IngameScene\IngameScene.cpp">
      <Filter>ソース ファイル\Screen\Ingame</Filter>
    </ClCompile>
    <ClCompile Include="scr\CSVLoad\TextureLoader\TextureLoader.cpp">
      <Filter>ソース ファイル\CSVLoader\Textures</Filter>
    </ClCompile>
    <ClCompile Include="View\Render\Animetion\Animation.cpp">
      <Filter>ソース ファイル\Render\Animetion</Filter>
    </ClCompile>
    <ClCompile Include="scr\Screen\ResultScene\ResultScene.cpp">
      <Filter>ソース ファイル\Screen\Result</Filter>
    </ClCompile>
    <ClCompile Include="scr\Battle\BattleSystem.cpp">
      <Filter>ソース ファイル</Filter>
    </ClCompile>
    <ClCompile Include="scr\Card\Card.cpp">
      <Filter>ソース ファイル</Filter>
    </ClCompile>
    <ClCompile Include="scr\Battle\Calculation\Calculation.cpp">
      <Filter>ソース ファイル</Filter>
    </ClCompile>
    <ClCompile Include="scr\Card\CardManager\CardManager.cpp">
      <Filter>ソース ファイル</Filter>
    </ClCompile>
    <ClCompile Include="scr\Battle\BattleView\BattleView.cpp">
      <Filter>ソース ファイル</Filter>
    </ClCompile>
    <ClCompile Include="scr\Card\CardRenderer\CardRenderer.cpp">
      <Filter>ソース ファイル</Filter>
    </ClCompile>
    <ClCompile Include="scr\Battle\SelectTarget\TargetSelect.cpp">
      <Filter>ソース ファイル</Filter>
    </ClCompile>
    <ClCompile Include="scr\Battle\UserController\UserController.cpp">
      <Filter>ソース ファイル</Filter>
    </ClCompile>
    <ClCompile Include="scr\Battle\BattleContex\BattleContex.cpp">
      <Filter>ソース ファイル</Filter>
    </ClCompile>
  </ItemGroup>
  <ItemGroup>
    <ClInclude Include="scr\Screen\SceneManager.h">
      <Filter>ソース ファイル\Screen</Filter>
    </ClInclude>
    <ClInclude Include="scr\GameMain\GameMain.h">
      <Filter>ソース ファイル\GameMain</Filter>
    </ClInclude>
    <ClInclude Include="scr\GameMain\WindowSetting.h">
      <Filter>ソース ファイル\GameMain</Filter>
    </ClInclude>
    <ClInclude Include="scr\Screen\SceneBase.h">
      <Filter>ソース ファイル\Screen</Filter>
    </ClInclude>
    <ClInclude Include="scr\Screen\TitleScene\TitleScene.h">
      <Filter>ソース ファイル\Screen\Title</Filter>
    </ClInclude>
    <ClInclude Include="scr\Character\Character.h">
      <Filter>ソース ファイル\Character</Filter>
    </ClInclude>
    <ClInclude Include="scr\Character\CharacterData.h">
      <Filter>ソース ファイル\Character</Filter>
    </ClInclude>
    <ClInclude Include="scr\Character\Player\Player.h">
      <Filter>ソース ファイル\Character\Player</Filter>
    </ClInclude>
    <ClInclude Include="scr\UI\UIManager.h">
      <Filter>ソース ファイル\UI</Filter>
    </ClInclude>
    <ClInclude Include="scr\Character\Enemy\Enemy.h">
      <Filter>ソース ファイル\Character\Enemy</Filter>
    </ClInclude>
    <ClInclude Include="scr\Character\Factory\CharacterFactory.h">
      <Filter>ソース ファイル\Character\Factory</Filter>
    </ClInclude>
    <ClInclude Include="View\Render\RenderSystem.h">
      <Filter>ソース ファイル\Render</Filter>
    </ClInclude>
    <ClInclude Include="scr\CameraManager\CameraManager.h">
      <Filter>ソース ファイル\Render</Filter>
    </ClInclude>
    <ClInclude Include="scr\CSVLoad\CardLoader.h">
      <Filter>ソース ファイル\CSVLoader</Filter>
    </ClInclude>
    <ClInclude Include="scr\CSVLoad\CharacterLoader.h">
      <Filter>ソース ファイル\CSVLoader</Filter>
    </ClInclude>
    <ClInclude Include="scr\CSVLoad\CSVLoader.h">
      <Filter>ソース ファイル\CSVLoader</Filter>
    </ClInclude>
    <ClInclude Include="scr\Screen\IngameScene\IngameScene.h">
      <Filter>ソース ファイル\Screen\Ingame</Filter>
    </ClInclude>
    <ClInclude Include="scr\CSVLoad\TextureLoader\TextureLoader.h">
      <Filter>ソース ファイル\CSVLoader\Textures</Filter>
    </ClInclude>
    <ClInclude Include="View\Render\Animetion\Animation.h">
      <Filter>ソース ファイル\Render\Animetion</Filter>
    </ClInclude>
    <ClInclude Include="scr\Screen\ResultScene\ResultScene.h">
      <Filter>ソース ファイル\Screen\Result</Filter>
    </ClInclude>
    <ClInclude Include="scr\Battle\BattleSystem.h">
      <Filter>ソース ファイル\Screen\Ingame\Battle</Filter>
    </ClInclude>
    <ClInclude Include="scr\Card\Card.h">
      <Filter>ソース ファイル\Screen\Ingame\Battle</Filter>
    </ClInclude>
    <ClInclude Include="scr\Battle\Cost\CostManager.h">
      <Filter>ソース ファイル\Screen\Ingame\Battle</Filter>
    </ClInclude>
    <ClInclude Include="scr\Card\CardPool.h">
      <Filter>ヘッダー ファイル</Filter>
    </ClInclude>
    <ClInclude Include="scr\Card\CardDate.h">
      <Filter>ヘッダー ファイル</Filter>
    </ClInclude>
    <ClInclude Include="scr\Battle\Calculation\Calculation.h">
      <Filter>ヘッダー ファイル</Filter>
    </ClInclude>
    <ClInclude Include="scr\Card\CardManager\CardManager.h">
      <Filter>ヘッダー ファイル</Filter>
    </ClInclude>
    <ClInclude Include="scr\Card\CardFactory\CardFactory.h">
      <Filter>ヘッダー ファイル</Filter>
    </ClInclude>
    <ClInclude Include="scr\Battle\BattleView\BattleView.h">
      <Filter>ヘッダー ファイル</Filter>
    </ClInclude>
    <ClInclude Include="scr\Card\CardRenderer\CardRenderer.h">
      <Filter>ヘッダー ファイル</Filter>
    </ClInclude>
    <ClInclude Include="View\Font\FontManager.h">
      <Filter>ヘッダー ファイル</Filter>
    </ClInclude>
    <ClInclude Include="scr\Battle\SelectTarget\TargetSelect.h">
      <Filter>ヘッダー ファイル</Filter>
    </ClInclude>
    <ClInclude Include="scr\Battle\UserController\UserController.h">
      <Filter>ヘッダー ファイル</Filter>
    </ClInclude>
    <ClInclude Include="scr\Battle\UserController\ActionData.h">
      <Filter>ヘッダー ファイル</Filter>
    </ClInclude>
    <ClInclude Include="scr\Battle\BattleContex\BattleContex.h">
      <Filter>ヘッダー ファイル</Filter>
    </ClInclude>
  </ItemGroup>
</Project>